
Microsoft Visual Studio Solution File, Format Version 12.00
# Visual Studio Version 17
VisualStudioVersion = 17.1.32210.238
MinimumVisualStudioVersion = 10.0.40219.1
Project("{FAE04EC0-301F-11D3-BF4B-00C04F79EFBC}") = "CalculatorC", "CalculatorC.csproj", "{A23B4DAF-B1D2-4B6D-B689-B42D4AE99871}"
EndProject
Global
	GlobalSection(SolutionConfigurationPlatforms) = preSolution
		Debug|Any CPU = Debug|Any CPU
		Release|Any CPU = Release|Any CPU
	EndGlobalSection
	GlobalSection(ProjectConfigurationPlatforms) = postSolution
		{A23B4DAF-B1D2-4B6D-B689-B42D4AE99871}.Debug|Any CPU.ActiveCfg = Debug|Any CPU
		{A23B4DAF-B1D2-4B6D-B689-B42D4AE99871}.Debug|Any CPU.Build.0 = Debug|Any CPU
		{A23B4DAF-B1D2-4B6D-B689-B42D4AE99871}.Release|Any CPU.ActiveCfg = Release|Any CPU
		{A23B4DAF-B1D2-4B6D-B689-B42D4AE99871}.Release|Any CPU.Build.0 = Release|Any CPU
	EndGlobalSection
	GlobalSection(SolutionProperties) = preSolution
		HideSolutionNode = FALSE
	EndGlobalSection
	GlobalSection(ExtensibilityGlobals) = postSolution
		SolutionGuid = {A8BFBA16-BE8B-43AD-91D4-DBF58951BF77}
	EndGlobalSection
EndGlobal
